
Microsoft Visual Studio Solution File, Format Version 12.00
# Visual Studio Version 17
VisualStudioVersion = 17.11.35312.102
MinimumVisualStudioVersion = 10.0.40219.1
Project("{FAE04EC0-301F-11D3-BF4B-00C04F79EFBC}") = "Lab.MemoryCache.WebApi", "Lab.MemoryCache.WebApi.csproj", "{99714549-6378-43AC-8F95-EADAFE8EB792}"
EndProject
Global
	GlobalSection(SolutionConfigurationPlatforms) = preSolution
		Debug|Any CPU = Debug|Any CPU
		Release|Any CPU = Release|Any CPU
	EndGlobalSection
	GlobalSection(ProjectConfigurationPlatforms) = postSolution
		{99714549-6378-43AC-8F95-EADAFE8EB792}.Debug|Any CPU.ActiveCfg = Debug|Any CPU
		{99714549-6378-43AC-8F95-EADAFE8EB792}.Debug|Any CPU.Build.0 = Debug|Any CPU
		{99714549-6378-43AC-8F95-EADAFE8EB792}.Release|Any CPU.ActiveCfg = Release|Any CPU
		{99714549-6378-43AC-8F95-EADAFE8EB792}.Release|Any CPU.Build.0 = Release|Any CPU
	EndGlobalSection
	GlobalSection(SolutionProperties) = preSolution
		HideSolutionNode = FALSE
	EndGlobalSection
	GlobalSection(ExtensibilityGlobals) = postSolution
		SolutionGuid = {5C1AF082-794A-4E23-B267-73E39EA65909}
	EndGlobalSection
EndGlobal
